
Microsoft Visual Studio Solution File, Format Version 12.00
# Visual Studio Version 17
VisualStudioVersion = 17.13.35913.81 d17.13
MinimumVisualStudioVersion = 10.0.40219.1
Project("{FAE04EC0-301F-11D3-BF4B-00C04F79EFBC}") = "2025.09.16", "2025.09.16\2025.09.16.csproj", "{E331057B-9DE7-422C-B14B-D6CC39CE03F6}"
EndProject
Global
	GlobalSection(SolutionConfigurationPlatforms) = preSolution
		Debug|Any CPU = Debug|Any CPU
		Release|Any CPU = Release|Any CPU
	EndGlobalSection
	GlobalSection(ProjectConfigurationPlatforms) = postSolution
		{E331057B-9DE7-422C-B14B-D6CC39CE03F6}.Debug|Any CPU.ActiveCfg = Debug|Any CPU
		{E331057B-9DE7-422C-B14B-D6CC39CE03F6}.Debug|Any CPU.Build.0 = Debug|Any CPU
		{E331057B-9DE7-422C-B14B-D6CC39CE03F6}.Release|Any CPU.ActiveCfg = Release|Any CPU
		{E331057B-9DE7-422C-B14B-D6CC39CE03F6}.Release|Any CPU.Build.0 = Release|Any CPU
	EndGlobalSection
	GlobalSection(SolutionProperties) = preSolution
		HideSolutionNode = FALSE
	EndGlobalSection
	GlobalSection(ExtensibilityGlobals) = postSolution
		SolutionGuid = {B3C2A3EF-1554-40D9-9BD6-657174873407}
	EndGlobalSection
EndGlobal
