
Microsoft Visual Studio Solution File, Format Version 12.00
# Visual Studio Version 17
VisualStudioVersion = 17.13.35913.81 d17.13
MinimumVisualStudioVersion = 10.0.40219.1
Project("{FAE04EC0-301F-11D3-BF4B-00C04F79EFBC}") = "Lancolt_lista", "Lancolt_lista\Lancolt_lista.csproj", "{610DD0A0-0073-48B6-A089-497D3CC89F78}"
EndProject
Global
	GlobalSection(SolutionConfigurationPlatforms) = preSolution
		Debug|Any CPU = Debug|Any CPU
		Release|Any CPU = Release|Any CPU
	EndGlobalSection
	GlobalSection(ProjectConfigurationPlatforms) = postSolution
		{610DD0A0-0073-48B6-A089-497D3CC89F78}.Debug|Any CPU.ActiveCfg = Debug|Any CPU
		{610DD0A0-0073-48B6-A089-497D3CC89F78}.Debug|Any CPU.Build.0 = Debug|Any CPU
		{610DD0A0-0073-48B6-A089-497D3CC89F78}.Release|Any CPU.ActiveCfg = Release|Any CPU
		{610DD0A0-0073-48B6-A089-497D3CC89F78}.Release|Any CPU.Build.0 = Release|Any CPU
	EndGlobalSection
	GlobalSection(SolutionProperties) = preSolution
		HideSolutionNode = FALSE
	EndGlobalSection
	GlobalSection(ExtensibilityGlobals) = postSolution
		SolutionGuid = {E9BEA9DB-3D67-4BAE-AC82-E1E500ADC4BF}
	EndGlobalSection
EndGlobal
