
Microsoft Visual Studio Solution File, Format Version 12.00
# Visual Studio Version 17
VisualStudioVersion = 17.8.34330.188
MinimumVisualStudioVersion = 10.0.40219.1
Project("{FAE04EC0-301F-11D3-BF4B-00C04F79EFBC}") = "2025.09.18", "2025.09.18\2025.09.18.csproj", "{DE5EE726-2F9F-480F-BD3A-048489CD4E37}"
EndProject
Global
	GlobalSection(SolutionConfigurationPlatforms) = preSolution
		Debug|Any CPU = Debug|Any CPU
		Release|Any CPU = Release|Any CPU
	EndGlobalSection
	GlobalSection(ProjectConfigurationPlatforms) = postSolution
		{DE5EE726-2F9F-480F-BD3A-048489CD4E37}.Debug|Any CPU.ActiveCfg = Debug|Any CPU
		{DE5EE726-2F9F-480F-BD3A-048489CD4E37}.Debug|Any CPU.Build.0 = Debug|Any CPU
		{DE5EE726-2F9F-480F-BD3A-048489CD4E37}.Release|Any CPU.ActiveCfg = Release|Any CPU
		{DE5EE726-2F9F-480F-BD3A-048489CD4E37}.Release|Any CPU.Build.0 = Release|Any CPU
	EndGlobalSection
	GlobalSection(SolutionProperties) = preSolution
		HideSolutionNode = FALSE
	EndGlobalSection
	GlobalSection(ExtensibilityGlobals) = postSolution
		SolutionGuid = {BC61B2A8-AE44-4715-B374-57DA070F89A6}
	EndGlobalSection
EndGlobal
