
Microsoft Visual Studio Solution File, Format Version 12.00
# Visual Studio Version 17
VisualStudioVersion = 17.13.35913.81 d17.13
MinimumVisualStudioVersion = 10.0.40219.1
Project("{FAE04EC0-301F-11D3-BF4B-00C04F79EFBC}") = "2025.10.07", "2025.10.07\2025.10.07.csproj", "{5E37AF75-7E88-414E-9B74-BCCFD900DBFD}"
EndProject
Project("{FAE04EC0-301F-11D3-BF4B-00C04F79EFBC}") = "TestProject1", "TestProject1\TestProject1.csproj", "{68BA1248-05AA-4FC2-9B28-60C10977C730}"
EndProject
Global
	GlobalSection(SolutionConfigurationPlatforms) = preSolution
		Debug|Any CPU = Debug|Any CPU
		Release|Any CPU = Release|Any CPU
	EndGlobalSection
	GlobalSection(ProjectConfigurationPlatforms) = postSolution
		{5E37AF75-7E88-414E-9B74-BCCFD900DBFD}.Debug|Any CPU.ActiveCfg = Debug|Any CPU
		{5E37AF75-7E88-414E-9B74-BCCFD900DBFD}.Debug|Any CPU.Build.0 = Debug|Any CPU
		{5E37AF75-7E88-414E-9B74-BCCFD900DBFD}.Release|Any CPU.ActiveCfg = Release|Any CPU
		{5E37AF75-7E88-414E-9B74-BCCFD900DBFD}.Release|Any CPU.Build.0 = Release|Any CPU
		{68BA1248-05AA-4FC2-9B28-60C10977C730}.Debug|Any CPU.ActiveCfg = Debug|Any CPU
		{68BA1248-05AA-4FC2-9B28-60C10977C730}.Debug|Any CPU.Build.0 = Debug|Any CPU
		{68BA1248-05AA-4FC2-9B28-60C10977C730}.Release|Any CPU.ActiveCfg = Release|Any CPU
		{68BA1248-05AA-4FC2-9B28-60C10977C730}.Release|Any CPU.Build.0 = Release|Any CPU
	EndGlobalSection
	GlobalSection(SolutionProperties) = preSolution
		HideSolutionNode = FALSE
	EndGlobalSection
	GlobalSection(ExtensibilityGlobals) = postSolution
		SolutionGuid = {71BF46E6-7879-4522-8074-A68979C140FA}
	EndGlobalSection
EndGlobal
